// !$*UTF8*$!
{
	archiveVersion = 1;
	classes = {
	};
	objectVersion = 50;
	objects = {

/* Begin PBXBuildFile section */
		162DB55E25D46665004B2A14 /* CircleImage.swift in Sources */ = {isa = PBXBuildFile; fileRef = 162DB55D25D46665004B2A14 /* CircleImage.swift */; };
		162DB55F25D46665004B2A14 /* CircleImage.swift in Sources */ = {isa = PBXBuildFile; fileRef = 162DB55D25D46665004B2A14 /* CircleImage.swift */; };
		162DB56325D46894004B2A14 /* MapView.swift in Sources */ = {isa = PBXBuildFile; fileRef = 162DB56225D46894004B2A14 /* MapView.swift */; };
		162DB56425D46894004B2A14 /* MapView.swift in Sources */ = {isa = PBXBuildFile; fileRef = 162DB56225D46894004B2A14 /* MapView.swift */; };
		1639E41C25E436D200CC97E1 /* ModelData.swift in Sources */ = {isa = PBXBuildFile; fileRef = 1639E41B25E436D200CC97E1 /* ModelData.swift */; };
		1639E41D25E436D200CC97E1 /* ModelData.swift in Sources */ = {isa = PBXBuildFile; fileRef = 1639E41B25E436D200CC97E1 /* ModelData.swift */; };
		1639E42825E4397700CC97E1 /* LandmarkRow.swift in Sources */ = {isa = PBXBuildFile; fileRef = 1639E42725E4397700CC97E1 /* LandmarkRow.swift */; };
		1639E42925E4397700CC97E1 /* LandmarkRow.swift in Sources */ = {isa = PBXBuildFile; fileRef = 1639E42725E4397700CC97E1 /* LandmarkRow.swift */; };
		1639E42D25E4410800CC97E1 /* LandmarkList.swift in Sources */ = {isa = PBXBuildFile; fileRef = 1639E42C25E4410800CC97E1 /* LandmarkList.swift */; };
		1639E42E25E4410800CC97E1 /* LandmarkList.swift in Sources */ = {isa = PBXBuildFile; fileRef = 1639E42C25E4410800CC97E1 /* LandmarkList.swift */; };
		1644107E25D1C6290040FBFD /* SwiftUIExampleApp.swift in Sources */ = {isa = PBXBuildFile; fileRef = 1644106B25D1C6260040FBFD /* SwiftUIExampleApp.swift */; };
		1644107F25D1C6290040FBFD /* SwiftUIExampleApp.swift in Sources */ = {isa = PBXBuildFile; fileRef = 1644106B25D1C6260040FBFD /* SwiftUIExampleApp.swift */; };
		1644108025D1C6290040FBFD /* ContentView.swift in Sources */ = {isa = PBXBuildFile; fileRef = 1644106C25D1C6260040FBFD /* ContentView.swift */; };
		1644108125D1C6290040FBFD /* ContentView.swift in Sources */ = {isa = PBXBuildFile; fileRef = 1644106C25D1C6260040FBFD /* ContentView.swift */; };
		1644108225D1C6290040FBFD /* Assets.xcassets in Resources */ = {isa = PBXBuildFile; fileRef = 1644106D25D1C6290040FBFD /* Assets.xcassets */; };
		1644108325D1C6290040FBFD /* Assets.xcassets in Resources */ = {isa = PBXBuildFile; fileRef = 1644106D25D1C6290040FBFD /* Assets.xcassets */; };
		1662944F25D84658006BA784 /* landmarkData.json in Resources */ = {isa = PBXBuildFile; fileRef = 1662944E25D84658006BA784 /* landmarkData.json */; };
		1662945025D84658006BA784 /* landmarkData.json in Resources */ = {isa = PBXBuildFile; fileRef = 1662944E25D84658006BA784 /* landmarkData.json */; };
		1662945425D84662006BA784 /* Landmark.swift in Sources */ = {isa = PBXBuildFile; fileRef = 1662945325D84662006BA784 /* Landmark.swift */; };
		1662945525D84662006BA784 /* Landmark.swift in Sources */ = {isa = PBXBuildFile; fileRef = 1662945325D84662006BA784 /* Landmark.swift */; };
		16BAD71D25F4D7F000B3702A /* LandmarkDetail.swift in Sources */ = {isa = PBXBuildFile; fileRef = 16BAD71C25F4D7F000B3702A /* LandmarkDetail.swift */; };
		16BAD71E25F4D7F000B3702A /* LandmarkDetail.swift in Sources */ = {isa = PBXBuildFile; fileRef = 16BAD71C25F4D7F000B3702A /* LandmarkDetail.swift */; };
/* End PBXBuildFile section */

/* Begin PBXFileReference section */
		162DB55D25D46665004B2A14 /* CircleImage.swift */ = {isa = PBXFileReference; lastKnownFileType = sourcecode.swift; path = CircleImage.swift; sourceTree = "<group>"; };
		162DB56225D46894004B2A14 /* MapView.swift */ = {isa = PBXFileReference; lastKnownFileType = sourcecode.swift; path = MapView.swift; sourceTree = "<group>"; };
		1639E41B25E436D200CC97E1 /* ModelData.swift */ = {isa = PBXFileReference; lastKnownFileType = sourcecode.swift; path = ModelData.swift; sourceTree = "<group>"; };
		1639E42725E4397700CC97E1 /* LandmarkRow.swift */ = {isa = PBXFileReference; lastKnownFileType = sourcecode.swift; path = LandmarkRow.swift; sourceTree = "<group>"; };
		1639E42C25E4410800CC97E1 /* LandmarkList.swift */ = {isa = PBXFileReference; lastKnownFileType = sourcecode.swift; path = LandmarkList.swift; sourceTree = "<group>"; };
		1644106B25D1C6260040FBFD /* SwiftUIExampleApp.swift */ = {isa = PBXFileReference; lastKnownFileType = sourcecode.swift; path = SwiftUIExampleApp.swift; sourceTree = "<group>"; };
		1644106C25D1C6260040FBFD /* ContentView.swift */ = {isa = PBXFileReference; lastKnownFileType = sourcecode.swift; path = ContentView.swift; sourceTree = "<group>"; };
		1644106D25D1C6290040FBFD /* Assets.xcassets */ = {isa = PBXFileReference; lastKnownFileType = folder.assetcatalog; path = Assets.xcassets; sourceTree = "<group>"; };
		1644107225D1C6290040FBFD /* SwiftUIExample.app */ = {isa = PBXFileReference; explicitFileType = wrapper.application; includeInIndex = 0; path = SwiftUIExample.app; sourceTree = BUILT_PRODUCTS_DIR; };
		1644107525D1C6290040FBFD /* Info.plist */ = {isa = PBXFileReference; lastKnownFileType = text.plist.xml; path = Info.plist; sourceTree = "<group>"; };
		1644107A25D1C6290040FBFD /* SwiftUIExample.app */ = {isa = PBXFileReference; explicitFileType = wrapper.application; includeInIndex = 0; path = SwiftUIExample.app; sourceTree = BUILT_PRODUCTS_DIR; };
		1644107C25D1C6290040FBFD /* Info.plist */ = {isa = PBXFileReference; lastKnownFileType = text.plist.xml; path = Info.plist; sourceTree = "<group>"; };
		1644107D25D1C6290040FBFD /* macOS.entitlements */ = {isa = PBXFileReference; lastKnownFileType = text.plist.entitlements; path = macOS.entitlements; sourceTree = "<group>"; };
		1662944E25D84658006BA784 /* landmarkData.json */ = {isa = PBXFileReference; fileEncoding = 4; lastKnownFileType = text.json; path = landmarkData.json; sourceTree = "<group>"; };
		1662945325D84662006BA784 /* Landmark.swift */ = {isa = PBXFileReference; lastKnownFileType = sourcecode.swift; path = Landmark.swift; sourceTree = "<group>"; };
		16BAD71C25F4D7F000B3702A /* LandmarkDetail.swift */ = {isa = PBXFileReference; lastKnownFileType = sourcecode.swift; path = LandmarkDetail.swift; sourceTree = "<group>"; };
/* End PBXFileReference section */

/* Begin PBXFrameworksBuildPhase section */
		1644106F25D1C6290040FBFD /* Frameworks */ = {
			isa = PBXFrameworksBuildPhase;
			buildActionMask = 2147483647;
			files = (
			);
			runOnlyForDeploymentPostprocessing = 0;
		};
		1644107725D1C6290040FBFD /* Frameworks */ = {
			isa = PBXFrameworksBuildPhase;
			buildActionMask = 2147483647;
			files = (
			);
			runOnlyForDeploymentPostprocessing = 0;
		};
/* End PBXFrameworksBuildPhase section */

/* Begin PBXGroup section */
		1639E42025E438DC00CC97E1 /* Views */ = {
			isa = PBXGroup;
			children = (
				1644106C25D1C6260040FBFD /* ContentView.swift */,
				1639E42725E4397700CC97E1 /* LandmarkRow.swift */,
				1639E42C25E4410800CC97E1 /* LandmarkList.swift */,
				16BAD71C25F4D7F000B3702A /* LandmarkDetail.swift */,
				162DB56225D46894004B2A14 /* MapView.swift */,
				162DB55D25D46665004B2A14 /* CircleImage.swift */,
			);
			path = Views;
			sourceTree = "<group>";
		};
		1639E42125E438F500CC97E1 /* Model */ = {
			isa = PBXGroup;
			children = (
				1662945325D84662006BA784 /* Landmark.swift */,
				1639E41B25E436D200CC97E1 /* ModelData.swift */,
			);
			path = Model;
			sourceTree = "<group>";
		};
		1639E42225E4390A00CC97E1 /* Resources */ = {
			isa = PBXGroup;
			children = (
				1644106D25D1C6290040FBFD /* Assets.xcassets */,
				1662944E25D84658006BA784 /* landmarkData.json */,
			);
			path = Resources;
			sourceTree = "<group>";
		};
		1644106525D1C6260040FBFD = {
			isa = PBXGroup;
			children = (
				1644106A25D1C6260040FBFD /* Shared */,
				1644107425D1C6290040FBFD /* iOS */,
				1644107B25D1C6290040FBFD /* macOS */,
				1644107325D1C6290040FBFD /* Products */,
			);
			sourceTree = "<group>";
		};
		1644106A25D1C6260040FBFD /* Shared */ = {
			isa = PBXGroup;
			children = (
				1644106B25D1C6260040FBFD /* SwiftUIExampleApp.swift */,
				1639E42225E4390A00CC97E1 /* Resources */,
				1639E42125E438F500CC97E1 /* Model */,
				1639E42025E438DC00CC97E1 /* Views */,
			);
			path = Shared;
			sourceTree = "<group>";
		};
		1644107325D1C6290040FBFD /* Products */ = {
			isa = PBXGroup;
			children = (
				1644107225D1C6290040FBFD /* SwiftUIExample.app */,
				1644107A25D1C6290040FBFD /* SwiftUIExample.app */,
			);
			name = Products;
			sourceTree = "<group>";
		};
		1644107425D1C6290040FBFD /* iOS */ = {
			isa = PBXGroup;
			children = (
				1644107525D1C6290040FBFD /* Info.plist */,
			);
			path = iOS;
			sourceTree = "<group>";
		};
		1644107B25D1C6290040FBFD /* macOS */ = {
			isa = PBXGroup;
			children = (
				1644107C25D1C6290040FBFD /* Info.plist */,
				1644107D25D1C6290040FBFD /* macOS.entitlements */,
			);
			path = macOS;
			sourceTree = "<group>";
		};
/* End PBXGroup section */

/* Begin PBXNativeTarget section */
		1644107125D1C6290040FBFD /* SwiftUIExample (iOS) */ = {
			isa = PBXNativeTarget;
			buildConfigurationList = 1644108625D1C6290040FBFD /* Build configuration list for PBXNativeTarget "SwiftUIExample (iOS)" */;
			buildPhases = (
				1644106E25D1C6290040FBFD /* Sources */,
				1644106F25D1C6290040FBFD /* Frameworks */,
				1644107025D1C6290040FBFD /* Resources */,
			);
			buildRules = (
			);
			dependencies = (
			);
			name = "SwiftUIExample (iOS)";
			productName = "SwiftUIExample (iOS)";
			productReference = 1644107225D1C6290040FBFD /* SwiftUIExample.app */;
			productType = "com.apple.product-type.application";
		};
		1644107925D1C6290040FBFD /* SwiftUIExample (macOS) */ = {
			isa = PBXNativeTarget;
			buildConfigurationList = 1644108925D1C6290040FBFD /* Build configuration list for PBXNativeTarget "SwiftUIExample (macOS)" */;
			buildPhases = (
				1644107625D1C6290040FBFD /* Sources */,
				1644107725D1C6290040FBFD /* Frameworks */,
				1644107825D1C6290040FBFD /* Resources */,
			);
			buildRules = (
			);
			dependencies = (
			);
			name = "SwiftUIExample (macOS)";
			productName = "SwiftUIExample (macOS)";
			productReference = 1644107A25D1C6290040FBFD /* SwiftUIExample.app */;
			productType = "com.apple.product-type.application";
		};
/* End PBXNativeTarget section */

/* Begin PBXProject section */
		1644106625D1C6260040FBFD /* Project object */ = {
			isa = PBXProject;
			attributes = {
				LastSwiftUpdateCheck = 1240;
				LastUpgradeCheck = 1240;
				TargetAttributes = {
					1644107125D1C6290040FBFD = {
						CreatedOnToolsVersion = 12.4;
					};
					1644107925D1C6290040FBFD = {
						CreatedOnToolsVersion = 12.4;
					};
				};
			};
			buildConfigurationList = 1644106925D1C6260040FBFD /* Build configuration list for PBXProject "SwiftUIExample" */;
			compatibilityVersion = "Xcode 9.3";
			developmentRegion = en;
			hasScannedForEncodings = 0;
			knownRegions = (
				en,
				Base,
			);
			mainGroup = 1644106525D1C6260040FBFD;
			productRefGroup = 1644107325D1C6290040FBFD /* Products */;
			projectDirPath = "";
			projectRoot = "";
			targets = (
				1644107125D1C6290040FBFD /* SwiftUIExample (iOS) */,
				1644107925D1C6290040FBFD /* SwiftUIExample (macOS) */,
			);
		};
/* End PBXProject section */

/* Begin PBXResourcesBuildPhase section */
		1644107025D1C6290040FBFD /* Resources */ = {
			isa = PBXResourcesBuildPhase;
			buildActionMask = 2147483647;
			files = (
				1644108225D1C6290040FBFD /* Assets.xcassets in Resources */,
				1662944F25D84658006BA784 /* landmarkData.json in Resources */,
			);
			runOnlyForDeploymentPostprocessing = 0;
		};
		1644107825D1C6290040FBFD /* Resources */ = {
			isa = PBXResourcesBuildPhase;
			buildActionMask = 2147483647;
			files = (
				1644108325D1C6290040FBFD /* Assets.xcassets in Resources */,
				1662945025D84658006BA784 /* landmarkData.json in Resources */,
			);
			runOnlyForDeploymentPostprocessing = 0;
		};
/* End PBXResourcesBuildPhase section */

/* Begin PBXSourcesBuildPhase section */
		1644106E25D1C6290040FBFD /* Sources */ = {
			isa = PBXSourcesBuildPhase;
			buildActionMask = 2147483647;
			files = (
				1644108025D1C6290040FBFD /* ContentView.swift in Sources */,
				162DB56325D46894004B2A14 /* MapView.swift in Sources */,
				1644107E25D1C6290040FBFD /* SwiftUIExampleApp.swift in Sources */,
				1639E42D25E4410800CC97E1 /* LandmarkList.swift in Sources */,
				16BAD71D25F4D7F000B3702A /* LandmarkDetail.swift in Sources */,
				162DB55E25D46665004B2A14 /* CircleImage.swift in Sources */,
				1662945425D84662006BA784 /* Landmark.swift in Sources */,
				1639E42825E4397700CC97E1 /* LandmarkRow.swift in Sources */,
				1639E41C25E436D200CC97E1 /* ModelData.swift in Sources */,
			);
			runOnlyForDeploymentPostprocessing = 0;
		};
		1644107625D1C6290040FBFD /* Sources */ = {
			isa = PBXSourcesBuildPhase;
			buildActionMask = 2147483647;
			files = (
				1644108125D1C6290040FBFD /* ContentView.swift in Sources */,
				162DB56425D46894004B2A14 /* MapView.swift in Sources */,
				1644107F25D1C6290040FBFD /* SwiftUIExampleApp.swift in Sources */,
				1639E42E25E4410800CC97E1 /* LandmarkList.swift in Sources */,
				16BAD71E25F4D7F000B3702A /* LandmarkDetail.swift in Sources */,
				162DB55F25D46665004B2A14 /* CircleImage.swift in Sources */,
				1662945525D84662006BA784 /* Landmark.swift in Sources */,
				1639E42925E4397700CC97E1 /* LandmarkRow.swift in Sources */,
				1639E41D25E436D200CC97E1 /* ModelData.swift in Sources */,
			);
			runOnlyForDeploymentPostprocessing = 0;
		};
/* End PBXSourcesBuildPhase section */

/* Begin XCBuildConfiguration section */
		1644108425D1C6290040FBFD /* Debug */ = {
			isa = XCBuildConfiguration;
			buildSettings = {
				ALWAYS_SEARCH_USER_PATHS = NO;
				CLANG_ANALYZER_NONNULL = YES;
				CLANG_ANALYZER_NUMBER_OBJECT_CONVERSION = YES_AGGRESSIVE;
				CLANG_CXX_LANGUAGE_STANDARD = "gnu++14";
				CLANG_CXX_LIBRARY = "libc++";
				CLANG_ENABLE_MODULES = YES;
				CLANG_ENABLE_OBJC_ARC = YES;
				CLANG_ENABLE_OBJC_WEAK = YES;
				CLANG_WARN_BLOCK_CAPTURE_AUTORELEASING = YES;
				CLANG_WARN_BOOL_CONVERSION = YES;
				CLANG_WARN_COMMA = YES;
				CLANG_WARN_CONSTANT_CONVERSION = YES;
				CLANG_WARN_DEPRECATED_OBJC_IMPLEMENTATIONS = YES;
				CLANG_WARN_DIRECT_OBJC_ISA_USAGE = YES_ERROR;
				CLANG_WARN_DOCUMENTATION_COMMENTS = YES;
				CLANG_WARN_EMPTY_BODY = YES;
				CLANG_WARN_ENUM_CONVERSION = YES;
				CLANG_WARN_INFINITE_RECURSION = YES;
				CLANG_WARN_INT_CONVERSION = YES;
				CLANG_WARN_NON_LITERAL_NULL_CONVERSION = YES;
				CLANG_WARN_OBJC_IMPLICIT_RETAIN_SELF = YES;
				CLANG_WARN_OBJC_LITERAL_CONVERSION = YES;
				CLANG_WARN_OBJC_ROOT_CLASS = YES_ERROR;
				CLANG_WARN_QUOTED_INCLUDE_IN_FRAMEWORK_HEADER = YES;
				CLANG_WARN_RANGE_LOOP_ANALYSIS = YES;
				CLANG_WARN_STRICT_PROTOTYPES = YES;
				CLANG_WARN_SUSPICIOUS_MOVE = YES;
				CLANG_WARN_UNGUARDED_AVAILABILITY = YES_AGGRESSIVE;
				CLANG_WARN_UNREACHABLE_CODE = YES;
				CLANG_WARN__DUPLICATE_METHOD_MATCH = YES;
				COPY_PHASE_STRIP = NO;
				DEBUG_INFORMATION_FORMAT = dwarf;
				ENABLE_STRICT_OBJC_MSGSEND = YES;
				ENABLE_TESTABILITY = YES;
				GCC_C_LANGUAGE_STANDARD = gnu11;
				GCC_DYNAMIC_NO_PIC = NO;
				GCC_NO_COMMON_BLOCKS = YES;
				GCC_OPTIMIZATION_LEVEL = 0;
				GCC_PREPROCESSOR_DEFINITIONS = (
					"DEBUG=1",
					"$(inherited)",
				);
				GCC_WARN_64_TO_32_BIT_CONVERSION = YES;
				GCC_WARN_ABOUT_RETURN_TYPE = YES_ERROR;
				GCC_WARN_UNDECLARED_SELECTOR = YES;
				GCC_WARN_UNINITIALIZED_AUTOS = YES_AGGRESSIVE;
				GCC_WARN_UNUSED_FUNCTION = YES;
				GCC_WARN_UNUSED_VARIABLE = YES;
				MTL_ENABLE_DEBUG_INFO = INCLUDE_SOURCE;
				MTL_FAST_MATH = YES;
				ONLY_ACTIVE_ARCH = YES;
				SWIFT_ACTIVE_COMPILATION_CONDITIONS = DEBUG;
				SWIFT_OPTIMIZATION_LEVEL = "-Onone";
			};
			name = Debug;
		};
		1644108525D1C6290040FBFD /* Release */ = {
			isa = XCBuildConfiguration;
			buildSettings = {
				ALWAYS_SEARCH_USER_PATHS = NO;
				CLANG_ANALYZER_NONNULL = YES;
				CLANG_ANALYZER_NUMBER_OBJECT_CONVERSION = YES_AGGRESSIVE;
				CLANG_CXX_LANGUAGE_STANDARD = "gnu++14";
				CLANG_CXX_LIBRARY = "libc++";
				CLANG_ENABLE_MODULES = YES;
				CLANG_ENABLE_OBJC_ARC = YES;
				CLANG_ENABLE_OBJC_WEAK = YES;
				CLANG_WARN_BLOCK_CAPTURE_AUTORELEASING = YES;
				CLANG_WARN_BOOL_CONVERSION = YES;
				CLANG_WARN_COMMA = YES;
				CLANG_WARN_CONSTANT_CONVERSION = YES;
				CLANG_WARN_DEPRECATED_OBJC_IMPLEMENTATIONS = YES;
				CLANG_WARN_DIRECT_OBJC_ISA_USAGE = YES_ERROR;
				CLANG_WARN_DOCUMENTATION_COMMENTS = YES;
				CLANG_WARN_EMPTY_BODY = YES;
				CLANG_WARN_ENUM_CONVERSION = YES;
				CLANG_WARN_INFINITE_RECURSION = YES;
				CLANG_WARN_INT_CONVERSION = YES;
				CLANG_WARN_NON_LITERAL_NULL_CONVERSION = YES;
				CLANG_WARN_OBJC_IMPLICIT_RETAIN_SELF = YES;
				CLANG_WARN_OBJC_LITERAL_CONVERSION = YES;
				CLANG_WARN_OBJC_ROOT_CLASS = YES_ERROR;
				CLANG_WARN_QUOTED_INCLUDE_IN_FRAMEWORK_HEADER = YES;
				CLANG_WARN_RANGE_LOOP_ANALYSIS = YES;
				CLANG_WARN_STRICT_PROTOTYPES = YES;
				CLANG_WARN_SUSPICIOUS_MOVE = YES;
				CLANG_WARN_UNGUARDED_AVAILABILITY = YES_AGGRESSIVE;
				CLANG_WARN_UNREACHABLE_CODE = YES;
				CLANG_WARN__DUPLICATE_METHOD_MATCH = YES;
				COPY_PHASE_STRIP = NO;
				DEBUG_INFORMATION_FORMAT = "dwarf-with-dsym";
				ENABLE_NS_ASSERTIONS = NO;
				ENABLE_STRICT_OBJC_MSGSEND = YES;
				GCC_C_LANGUAGE_STANDARD = gnu11;
				GCC_NO_COMMON_BLOCKS = YES;
				GCC_WARN_64_TO_32_BIT_CONVERSION = YES;
				GCC_WARN_ABOUT_RETURN_TYPE = YES_ERROR;
				GCC_WARN_UNDECLARED_SELECTOR = YES;
				GCC_WARN_UNINITIALIZED_AUTOS = YES_AGGRESSIVE;
				GCC_WARN_UNUSED_FUNCTION = YES;
				GCC_WARN_UNUSED_VARIABLE = YES;
				MTL_ENABLE_DEBUG_INFO = NO;
				MTL_FAST_MATH = YES;
				SWIFT_COMPILATION_MODE = wholemodule;
				SWIFT_OPTIMIZATION_LEVEL = "-O";
			};
			name = Release;
		};
		1644108725D1C6290040FBFD /* Debug */ = {
			isa = XCBuildConfiguration;
			buildSettings = {
				ASSETCATALOG_COMPILER_APPICON_NAME = AppIcon;
				ASSETCATALOG_COMPILER_GLOBAL_ACCENT_COLOR_NAME = AccentColor;
				CODE_SIGN_STYLE = Automatic;
				ENABLE_PREVIEWS = YES;
				INFOPLIST_FILE = iOS/Info.plist;
				IPHONEOS_DEPLOYMENT_TARGET = 14.0;
				LD_RUNPATH_SEARCH_PATHS = (
					"$(inherited)",
					"@executable_path/Frameworks",
				);
				PRODUCT_BUNDLE_IDENTIFIER = pea.SwiftUIExample;
				PRODUCT_NAME = SwiftUIExample;
				SDKROOT = iphoneos;
				SWIFT_VERSION = 5.0;
				TARGETED_DEVICE_FAMILY = "1,2";
			};
			name = Debug;
		};
		1644108825D1C6290040FBFD /* Release */ = {
			isa = XCBuildConfiguration;
			buildSettings = {
				ASSETCATALOG_COMPILER_APPICON_NAME = AppIcon;
				ASSETCATALOG_COMPILER_GLOBAL_ACCENT_COLOR_NAME = AccentColor;
				CODE_SIGN_STYLE = Automatic;
				ENABLE_PREVIEWS = YES;
				INFOPLIST_FILE = iOS/Info.plist;
				IPHONEOS_DEPLOYMENT_TARGET = 14.0;
				LD_RUNPATH_SEARCH_PATHS = (
					"$(inherited)",
					"@executable_path/Frameworks",
				);
				PRODUCT_BUNDLE_IDENTIFIER = pea.SwiftUIExample;
				PRODUCT_NAME = SwiftUIExample;
				SDKROOT = iphoneos;
				SWIFT_VERSION = 5.0;
				TARGETED_DEVICE_FAMILY = "1,2";
				VALIDATE_PRODUCT = YES;
			};
			name = Release;
		};
		1644108A25D1C6290040FBFD /* Debug */ = {
			isa = XCBuildConfiguration;
			buildSettings = {
				ASSETCATALOG_COMPILER_APPICON_NAME = AppIcon;
				ASSETCATALOG_COMPILER_GLOBAL_ACCENT_COLOR_NAME = AccentColor;
				CODE_SIGN_ENTITLEMENTS = macOS/macOS.entitlements;
				CODE_SIGN_STYLE = Automatic;
				COMBINE_HIDPI_IMAGES = YES;
				ENABLE_PREVIEWS = YES;
				INFOPLIST_FILE = macOS/Info.plist;
				LD_RUNPATH_SEARCH_PATHS = (
					"$(inherited)",
					"@executable_path/../Frameworks",
				);
				MACOSX_DEPLOYMENT_TARGET = 11.0;
				PRODUCT_BUNDLE_IDENTIFIER = pea.SwiftUIExample;
				PRODUCT_NAME = SwiftUIExample;
				SDKROOT = macosx;
				SWIFT_VERSION = 5.0;
			};
			name = Debug;
		};
		1644108B25D1C6290040FBFD /* Release */ = {
			isa = XCBuildConfiguration;
			buildSettings = {
				ASSETCATALOG_COMPILER_APPICON_NAME = AppIcon;
				ASSETCATALOG_COMPILER_GLOBAL_ACCENT_COLOR_NAME = AccentColor;
				CODE_SIGN_ENTITLEMENTS = macOS/macOS.entitlements;
				CODE_SIGN_STYLE = Automatic;
				COMBINE_HIDPI_IMAGES = YES;
				ENABLE_PREVIEWS = YES;
				INFOPLIST_FILE = macOS/Info.plist;
				LD_RUNPATH_SEARCH_PATHS = (
					"$(inherited)",
					"@executable_path/../Frameworks",
				);
				MACOSX_DEPLOYMENT_TARGET = 11.0;
				PRODUCT_BUNDLE_IDENTIFIER = pea.SwiftUIExample;
				PRODUCT_NAME = SwiftUIExample;
				SDKROOT = macosx;
				SWIFT_VERSION = 5.0;
			};
			name = Release;
		};
/* End XCBuildConfiguration section */

/* Begin XCConfigurationList section */
		1644106925D1C6260040FBFD /* Build configuration list for PBXProject "SwiftUIExample" */ = {
			isa = XCConfigurationList;
			buildConfigurations = (
				1644108425D1C6290040FBFD /* Debug */,
				1644108525D1C6290040FBFD /* Release */,
			);
			defaultConfigurationIsVisible = 0;
			defaultConfigurationName = Release;
		};
		1644108625D1C6290040FBFD /* Build configuration list for PBXNativeTarget "SwiftUIExample (iOS)" */ = {
			isa = XCConfigurationList;
			buildConfigurations = (
				1644108725D1C6290040FBFD /* Debug */,
				1644108825D1C6290040FBFD /* Release */,
			);
			defaultConfigurationIsVisible = 0;
			defaultConfigurationName = Release;
		};
		1644108925D1C6290040FBFD /* Build configuration list for PBXNativeTarget "SwiftUIExample (macOS)" */ = {
			isa = XCConfigurationList;
			buildConfigurations = (
				1644108A25D1C6290040FBFD /* Debug */,
				1644108B25D1C6290040FBFD /* Release */,
			);
			defaultConfigurationIsVisible = 0;
			defaultConfigurationName = Release;
		};
/* End XCConfigurationList section */
	};
	rootObject = 1644106625D1C6260040FBFD /* Project object */;
}
